
Microsoft Visual Studio Solution File, Format Version 12.00
# Visual Studio Version 16
VisualStudioVersion = 16.0.31624.102
MinimumVisualStudioVersion = 10.0.40219.1
Project("{FAE04EC0-301F-11D3-BF4B-00C04F79EFBC}") = "MoreLoops", "MoreLoops\MoreLoops.csproj", "{F5DC2125-2013-407F-9C11-2FD9EE4C8CB0}"
EndProject
Project("{FAE04EC0-301F-11D3-BF4B-00C04F79EFBC}") = "OROperator", "OROperator\OROperator.csproj", "{C55DA5C9-0DFC-4774-BE52-D571E9B4DDBE}"
EndProject
Project("{FAE04EC0-301F-11D3-BF4B-00C04F79EFBC}") = "LoginValidation", "LoginValidation\LoginValidation.csproj", "{028EA92D-9B17-441F-B6E4-C30367E3BE17}"
EndProject
Project("{FAE04EC0-301F-11D3-BF4B-00C04F79EFBC}") = "ForLoop", "ForLoop\ForLoop.csproj", "{7C4FD7EC-4908-429C-AD27-B4C47BC7572A}"
EndProject
Project("{FAE04EC0-301F-11D3-BF4B-00C04F79EFBC}") = "OneToTen", "OneToTen\OneToTen.csproj", "{28885B72-8031-481B-9BAB-F890F3C50E6A}"
EndProject
Project("{FAE04EC0-301F-11D3-BF4B-00C04F79EFBC}") = "TenToOne", "TenToOne\TenToOne.csproj", "{49A465B9-2C91-4792-A599-40468E29CBFA}"
EndProject
Project("{FAE04EC0-301F-11D3-BF4B-00C04F79EFBC}") = "ForLoopSum", "Sum\ForLoopSum.csproj", "{3D60D398-6E8F-4A58-AA02-9201B01AC31F}"
EndProject
Project("{FAE04EC0-301F-11D3-BF4B-00C04F79EFBC}") = "DiceGame", "DiceGame\DiceGame.csproj", "{D111E3E6-0899-454F-B986-ACE02C18E77A}"
EndProject
Global
	GlobalSection(SolutionConfigurationPlatforms) = preSolution
		Debug|Any CPU = Debug|Any CPU
		Release|Any CPU = Release|Any CPU
	EndGlobalSection
	GlobalSection(ProjectConfigurationPlatforms) = postSolution
		{F5DC2125-2013-407F-9C11-2FD9EE4C8CB0}.Debug|Any CPU.ActiveCfg = Debug|Any CPU
		{F5DC2125-2013-407F-9C11-2FD9EE4C8CB0}.Debug|Any CPU.Build.0 = Debug|Any CPU
		{F5DC2125-2013-407F-9C11-2FD9EE4C8CB0}.Release|Any CPU.ActiveCfg = Release|Any CPU
		{F5DC2125-2013-407F-9C11-2FD9EE4C8CB0}.Release|Any CPU.Build.0 = Release|Any CPU
		{C55DA5C9-0DFC-4774-BE52-D571E9B4DDBE}.Debug|Any CPU.ActiveCfg = Debug|Any CPU
		{C55DA5C9-0DFC-4774-BE52-D571E9B4DDBE}.Debug|Any CPU.Build.0 = Debug|Any CPU
		{C55DA5C9-0DFC-4774-BE52-D571E9B4DDBE}.Release|Any CPU.ActiveCfg = Release|Any CPU
		{C55DA5C9-0DFC-4774-BE52-D571E9B4DDBE}.Release|Any CPU.Build.0 = Release|Any CPU
		{028EA92D-9B17-441F-B6E4-C30367E3BE17}.Debug|Any CPU.ActiveCfg = Debug|Any CPU
		{028EA92D-9B17-441F-B6E4-C30367E3BE17}.Debug|Any CPU.Build.0 = Debug|Any CPU
		{028EA92D-9B17-441F-B6E4-C30367E3BE17}.Release|Any CPU.ActiveCfg = Release|Any CPU
		{028EA92D-9B17-441F-B6E4-C30367E3BE17}.Release|Any CPU.Build.0 = Release|Any CPU
		{7C4FD7EC-4908-429C-AD27-B4C47BC7572A}.Debug|Any CPU.ActiveCfg = Debug|Any CPU
		{7C4FD7EC-4908-429C-AD27-B4C47BC7572A}.Debug|Any CPU.Build.0 = Debug|Any CPU
		{7C4FD7EC-4908-429C-AD27-B4C47BC7572A}.Release|Any CPU.ActiveCfg = Release|Any CPU
		{7C4FD7EC-4908-429C-AD27-B4C47BC7572A}.Release|Any CPU.Build.0 = Release|Any CPU
		{28885B72-8031-481B-9BAB-F890F3C50E6A}.Debug|Any CPU.ActiveCfg = Debug|Any CPU
		{28885B72-8031-481B-9BAB-F890F3C50E6A}.Debug|Any CPU.Build.0 = Debug|Any CPU
		{28885B72-8031-481B-9BAB-F890F3C50E6A}.Release|Any CPU.ActiveCfg = Release|Any CPU
		{28885B72-8031-481B-9BAB-F890F3C50E6A}.Release|Any CPU.Build.0 = Release|Any CPU
		{49A465B9-2C91-4792-A599-40468E29CBFA}.Debug|Any CPU.ActiveCfg = Debug|Any CPU
		{49A465B9-2C91-4792-A599-40468E29CBFA}.Debug|Any CPU.Build.0 = Debug|Any CPU
		{49A465B9-2C91-4792-A599-40468E29CBFA}.Release|Any CPU.ActiveCfg = Release|Any CPU
		{49A465B9-2C91-4792-A599-40468E29CBFA}.Release|Any CPU.Build.0 = Release|Any CPU
		{3D60D398-6E8F-4A58-AA02-9201B01AC31F}.Debug|Any CPU.ActiveCfg = Debug|Any CPU
		{3D60D398-6E8F-4A58-AA02-9201B01AC31F}.Debug|Any CPU.Build.0 = Debug|Any CPU
		{3D60D398-6E8F-4A58-AA02-9201B01AC31F}.Release|Any CPU.ActiveCfg = Release|Any CPU
		{3D60D398-6E8F-4A58-AA02-9201B01AC31F}.Release|Any CPU.Build.0 = Release|Any CPU
		{D111E3E6-0899-454F-B986-ACE02C18E77A}.Debug|Any CPU.ActiveCfg = Debug|Any CPU
		{D111E3E6-0899-454F-B986-ACE02C18E77A}.Debug|Any CPU.Build.0 = Debug|Any CPU
		{D111E3E6-0899-454F-B986-ACE02C18E77A}.Release|Any CPU.ActiveCfg = Release|Any CPU
		{D111E3E6-0899-454F-B986-ACE02C18E77A}.Release|Any CPU.Build.0 = Release|Any CPU
	EndGlobalSection
	GlobalSection(SolutionProperties) = preSolution
		HideSolutionNode = FALSE
	EndGlobalSection
	GlobalSection(ExtensibilityGlobals) = postSolution
		SolutionGuid = {AD3D6BAF-20DD-4E51-AA70-C9DA7AAA4D6E}
	EndGlobalSection
EndGlobal
